<?xml version="1.0" encoding="utf-8"?>
<Project ToolsVersion="4.0" xmlns="http://schemas.microsoft.com/developer/msbuild/2003">
  <ItemGroup>
    <Filter Include="Source Files">
      <UniqueIdentifier>{4FC737F1-C7A5-4376-A066-2A32D752A2FF}</UniqueIdentifier>
      <Extensions>cpp;c;cc;cxx;def;odl;idl;hpj;bat;asm;asmx</Extensions>
    </Filter>
    <Filter Include="Header Files">
      <UniqueIdentifier>{93995380-89BD-4b04-88EB-625FBE52EBFB}</UniqueIdentifier>
      <Extensions>h;hh;hpp;hxx;hm;inl;inc;ipp;xsd</Extensions>
    </Filter>
    <Filter Include="Resource Files">
      <UniqueIdentifier>{67DA6AB6-F800-4c08-8B7A-83BB121AAD01}</UniqueIdentifier>
      <Extensions>rc;ico;cur;bmp;dlg;rc2;rct;bin;rgs;gif;jpg;jpeg;jpe;resx;tiff;tif;png;wav;mfcribbon-ms</Extensions>
    </Filter>
    <Filter Include="Source Files\GameFramework">
      <UniqueIdentifier>{b915f96a-0af2-4f3e-8672-876d820506d5}</UniqueIdentifier>
    </Filter>
    <Filter Include="Header Files\GameFramework">
      <UniqueIdentifier>{e499dc5c-9356-4fec-b221-c44660b4269e}</UniqueIdentifier>
    </Filter>
    <Filter Include="Header Files\GameObject">
      <UniqueIdentifier>{e28cfca5-c671-447d-8a25-724883df99a8}</UniqueIdentifier>
    </Filter>
    <Filter Include="Source Files\GameObject">
      <UniqueIdentifier>{51b8678d-4489-43f5-b658-10bf2f25cb32}</UniqueIdentifier>
    </Filter>
    <Filter Include="Source Files\GameObject\Captain">
      <UniqueIdentifier>{0cbd378b-842d-49b2-9a94-d51c6749ef03}</UniqueIdentifier>
    </Filter>
    <Filter Include="Source Files\GameObject\GameComponents">
      <UniqueIdentifier>{1ee97e1d-0f7a-47ad-acf5-d2cf1604f4f9}</UniqueIdentifier>
    </Filter>
    <Filter Include="Header Files\GameObject\GameComponents">
      <UniqueIdentifier>{f3896b20-e95b-4323-8167-aaf8633457f1}</UniqueIdentifier>
    </Filter>
    <Filter Include="Header Files\GameObject\Captain">
      <UniqueIdentifier>{4fa460df-b02b-4b7b-ac49-b9d6e11946df}</UniqueIdentifier>
    </Filter>
    <Filter Include="Header Files\GameFramework\Map">
      <UniqueIdentifier>{dced3585-b385-4c96-9ca8-8e7b0895ca25}</UniqueIdentifier>
    </Filter>
    <Filter Include="Source Files\GameFramework\Map">
      <UniqueIdentifier>{82dc48df-ae77-474b-812a-4ad735b01b2d}</UniqueIdentifier>
    </Filter>
  </ItemGroup>
  <ItemGroup>
    <ClInclude Include="..\..\..\..\%40GitHub\CaptainAmerica\CaptainAmerica\Avengers\GameFramework\Map\Grid.h">
      <Filter>Header Files\GameFramework\Map</Filter>
    </ClInclude>
    <ClInclude Include="..\..\..\..\%40GitHub\CaptainAmerica\CaptainAmerica\Avengers\GameFramework\Map\GridCell.h">
      <Filter>Header Files\GameFramework\Map</Filter>
    </ClInclude>
    <ClInclude Include="..\..\..\..\%40GitHub\CaptainAmerica\CaptainAmerica\Avengers\GameFramework\Map\TiledMap.h">
      <Filter>Header Files\GameFramework\Map</Filter>
    </ClInclude>
    <ClInclude Include="..\..\..\..\%40GitHub\CaptainAmerica\CaptainAmerica\Avengers\GameFramework\Map\Viewport.h">
      <Filter>Header Files\GameFramework\Map</Filter>
    </ClInclude>
    <ClInclude Include="..\..\..\..\%40GitHub\CaptainAmerica\CaptainAmerica\Avengers\GameFramework\Animation.h">
      <Filter>Header Files\GameFramework</Filter>
    </ClInclude>
    <ClInclude Include="..\..\..\..\%40GitHub\CaptainAmerica\CaptainAmerica\Avengers\GameFramework\Constants.h">
      <Filter>Header Files\GameFramework</Filter>
    </ClInclude>
    <ClInclude Include="..\..\..\..\%40GitHub\CaptainAmerica\CaptainAmerica\Avengers\GameFramework\Debug.h">
      <Filter>Header Files\GameFramework</Filter>
    </ClInclude>
    <ClInclude Include="..\..\..\..\%40GitHub\CaptainAmerica\CaptainAmerica\Avengers\GameFramework\Graphics.h">
      <Filter>Header Files\GameFramework</Filter>
    </ClInclude>
    <ClInclude Include="..\..\..\..\%40GitHub\CaptainAmerica\CaptainAmerica\Avengers\GameFramework\Keyboard.h">
      <Filter>Header Files\GameFramework</Filter>
    </ClInclude>
    <ClInclude Include="..\..\..\..\%40GitHub\CaptainAmerica\CaptainAmerica\Avengers\GameFramework\LoadTXT.h">
      <Filter>Header Files\GameFramework</Filter>
    </ClInclude>
    <ClInclude Include="..\..\..\..\%40GitHub\CaptainAmerica\CaptainAmerica\Avengers\GameFramework\State.h">
      <Filter>Header Files\GameFramework</Filter>
    </ClInclude>
    <ClInclude Include="..\..\..\..\%40GitHub\CaptainAmerica\CaptainAmerica\Avengers\GameObject\Captain\Captain.h">
      <Filter>Header Files\GameObject\Captain</Filter>
    </ClInclude>
    <ClInclude Include="..\..\..\..\%40GitHub\CaptainAmerica\CaptainAmerica\Avengers\GameObject\Captain\CaptainState.h">
      <Filter>Header Files\GameObject\Captain</Filter>
    </ClInclude>
    <ClInclude Include="..\..\..\..\%40GitHub\CaptainAmerica\CaptainAmerica\Avengers\GameObject\Captain\Shield.h">
      <Filter>Header Files\GameObject\Captain</Filter>
    </ClInclude>
    <ClInclude Include="..\..\..\..\%40GitHub\CaptainAmerica\CaptainAmerica\Avengers\GameObject\GameComponents\resource.h">
      <Filter>Header Files\GameObject\GameComponents</Filter>
    </ClInclude>
    <ClInclude Include="..\..\..\..\%40GitHub\CaptainAmerica\CaptainAmerica\Avengers\GameObject\GameComponents\Sprite.h">
      <Filter>Header Files\GameObject\GameComponents</Filter>
    </ClInclude>
    <ClInclude Include="..\..\..\..\%40GitHub\CaptainAmerica\CaptainAmerica\Avengers\GameObject\GameComponents\Brick.h">
      <Filter>Header Files\GameObject\GameComponents</Filter>
    </ClInclude>
    <ClInclude Include="..\..\..\..\%40GitHub\CaptainAmerica\CaptainAmerica\Avengers\GameObject\GameComponents\Game.h">
      <Filter>Header Files\GameObject\GameComponents</Filter>
    </ClInclude>
    <ClInclude Include="..\..\..\..\%40GitHub\CaptainAmerica\CaptainAmerica\Avengers\GameObject\GameComponents\GameItem.h">
      <Filter>Header Files\GameObject\GameComponents</Filter>
    </ClInclude>
    <ClInclude Include="..\..\..\..\%40GitHub\CaptainAmerica\CaptainAmerica\Avengers\GameObject\GameComponents\GameObject.h">
      <Filter>Header Files\GameObject\GameComponents</Filter>
    </ClInclude>
  </ItemGroup>
  <ItemGroup>
    <ClCompile Include="..\..\..\..\%40GitHub\CaptainAmerica\CaptainAmerica\Avengers\GameFramework\Map\Viewport.cpp">
      <Filter>Source Files\GameFramework\Map</Filter>
    </ClCompile>
    <ClCompile Include="..\..\..\..\%40GitHub\CaptainAmerica\CaptainAmerica\Avengers\GameFramework\Map\Grid.cpp">
      <Filter>Source Files\GameFramework\Map</Filter>
    </ClCompile>
    <ClCompile Include="..\..\..\..\%40GitHub\CaptainAmerica\CaptainAmerica\Avengers\GameFramework\Map\GridCell.cpp">
      <Filter>Source Files\GameFramework\Map</Filter>
    </ClCompile>
    <ClCompile Include="..\..\..\..\%40GitHub\CaptainAmerica\CaptainAmerica\Avengers\GameFramework\Map\TiledMap.cpp">
      <Filter>Source Files\GameFramework\Map</Filter>
    </ClCompile>
    <ClCompile Include="..\..\..\..\%40GitHub\CaptainAmerica\CaptainAmerica\Avengers\GameFramework\Debug.cpp">
      <Filter>Source Files\GameFramework</Filter>
    </ClCompile>
    <ClCompile Include="..\..\..\..\%40GitHub\CaptainAmerica\CaptainAmerica\Avengers\GameFramework\Graphics.cpp">
      <Filter>Source Files\GameFramework</Filter>
    </ClCompile>
    <ClCompile Include="..\..\..\..\%40GitHub\CaptainAmerica\CaptainAmerica\Avengers\GameFramework\Keyboard.cpp">
      <Filter>Source Files\GameFramework</Filter>
    </ClCompile>
    <ClCompile Include="..\..\..\..\%40GitHub\CaptainAmerica\CaptainAmerica\Avengers\GameFramework\LoadTXT.cpp">
      <Filter>Source Files\GameFramework</Filter>
    </ClCompile>
    <ClCompile Include="..\..\..\..\%40GitHub\CaptainAmerica\CaptainAmerica\Avengers\GameFramework\State.cpp">
      <Filter>Source Files\GameFramework</Filter>
    </ClCompile>
    <ClCompile Include="..\..\..\..\%40GitHub\CaptainAmerica\CaptainAmerica\Avengers\GameFramework\Animation.cpp">
      <Filter>Source Files\GameFramework</Filter>
    </ClCompile>
    <ClCompile Include="..\..\..\..\%40GitHub\CaptainAmerica\CaptainAmerica\Avengers\GameObject\Captain\Shield.cpp">
      <Filter>Source Files\GameObject\Captain</Filter>
    </ClCompile>
    <ClCompile Include="..\..\..\..\%40GitHub\CaptainAmerica\CaptainAmerica\Avengers\GameObject\Captain\Captain.cpp">
      <Filter>Source Files\GameObject\Captain</Filter>
    </ClCompile>
    <ClCompile Include="..\..\..\..\%40GitHub\CaptainAmerica\CaptainAmerica\Avengers\GameObject\Captain\CaptainState.cpp">
      <Filter>Source Files\GameObject\Captain</Filter>
    </ClCompile>
    <ClCompile Include="..\..\..\..\%40GitHub\CaptainAmerica\CaptainAmerica\Avengers\GameObject\GameComponents\Sprite.cpp">
      <Filter>Source Files\GameObject\GameComponents</Filter>
    </ClCompile>
    <ClCompile Include="..\..\..\..\%40GitHub\CaptainAmerica\CaptainAmerica\Avengers\GameObject\GameComponents\Brick.cpp">
      <Filter>Source Files\GameObject\GameComponents</Filter>
    </ClCompile>
    <ClCompile Include="..\..\..\..\%40GitHub\CaptainAmerica\CaptainAmerica\Avengers\GameObject\GameComponents\Game.cpp">
      <Filter>Source Files\GameObject\GameComponents</Filter>
    </ClCompile>
    <ClCompile Include="..\..\..\..\%40GitHub\CaptainAmerica\CaptainAmerica\Avengers\GameObject\GameComponents\GameItem.cpp">
      <Filter>Source Files\GameObject\GameComponents</Filter>
    </ClCompile>
    <ClCompile Include="..\..\..\..\%40GitHub\CaptainAmerica\CaptainAmerica\Avengers\GameObject\GameComponents\GameObject.cpp">
      <Filter>Source Files\GameObject\GameComponents</Filter>
    </ClCompile>
    <ClCompile Include="..\..\..\..\%40GitHub\CaptainAmerica\CaptainAmerica\Avengers\GameObject\GameComponents\Main.cpp">
      <Filter>Source Files</Filter>
    </ClCompile>
  </ItemGroup>
</Project>